
Microsoft Visual Studio Solution File, Format Version 12.00
# Visual Studio Version 17
VisualStudioVersion = 17.11.35222.181
MinimumVisualStudioVersion = 10.0.40219.1
Project("{FAE04EC0-301F-11D3-BF4B-00C04F79EFBC}") = "TestKontrolStrukturer", "TestKontrolStrukturer\TestKontrolStrukturer.csproj", "{BB8786B9-FA4C-4AD2-8134-D1A67308965F}"
EndProject
Global
	GlobalSection(SolutionConfigurationPlatforms) = preSolution
		Debug|Any CPU = Debug|Any CPU
		Release|Any CPU = Release|Any CPU
	EndGlobalSection
	GlobalSection(ProjectConfigurationPlatforms) = postSolution
		{BB8786B9-FA4C-4AD2-8134-D1A67308965F}.Debug|Any CPU.ActiveCfg = Debug|Any CPU
		{BB8786B9-FA4C-4AD2-8134-D1A67308965F}.Debug|Any CPU.Build.0 = Debug|Any CPU
		{BB8786B9-FA4C-4AD2-8134-D1A67308965F}.Release|Any CPU.ActiveCfg = Release|Any CPU
		{BB8786B9-FA4C-4AD2-8134-D1A67308965F}.Release|Any CPU.Build.0 = Release|Any CPU
	EndGlobalSection
	GlobalSection(SolutionProperties) = preSolution
		HideSolutionNode = FALSE
	EndGlobalSection
	GlobalSection(ExtensibilityGlobals) = postSolution
		SolutionGuid = {A8817FB8-5E4C-405C-A774-D28ECA176A3F}
	EndGlobalSection
EndGlobal
